
Microsoft Visual Studio Solution File, Format Version 12.00
# Visual Studio Version 17
VisualStudioVersion = 17.6.33815.320
MinimumVisualStudioVersion = 10.0.40219.1
Project("{2150E333-8FDC-42A3-9474-1A3956D46DE8}") = "Lesson_1", "Lesson_1", "{B08C4CBF-CF3B-46E7-9B5A-09ED8A5E21E6}"
EndProject
Project("{2150E333-8FDC-42A3-9474-1A3956D46DE8}") = "Lesson_2", "Lesson_2", "{29F00EAC-52A9-46E7-8E0F-E64119CF2C35}"
EndProject
Project("{2150E333-8FDC-42A3-9474-1A3956D46DE8}") = "Lesson_3", "Lesson_3", "{621C7635-BA9E-4168-A628-4DFCAEDC25BA}"
EndProject
Project("{2150E333-8FDC-42A3-9474-1A3956D46DE8}") = "Lesson_4", "Lesson_4", "{FB21F5B7-6514-4A6F-93F4-1501A9816378}"
EndProject
Project("{2150E333-8FDC-42A3-9474-1A3956D46DE8}") = "Lesson_5", "Lesson_5", "{FE78508F-5A96-4468-AD8D-94E4B6EFEC4B}"
EndProject
Project("{9A19103F-16F7-4668-BE54-9A1E7A4F7556}") = "HelloWorld", "HelloWorld\HelloWorld.csproj", "{4D6E811D-E15C-40C0-BCE1-413B247354D1}"
EndProject
Project("{2150E333-8FDC-42A3-9474-1A3956D46DE8}") = "Tasks", "Tasks", "{21160B93-42FC-4927-BD26-BD07BC10A78C}"
EndProject
Project("{2150E333-8FDC-42A3-9474-1A3956D46DE8}") = "HomeTasks", "HomeTasks", "{9F22AFA0-60F8-40F7-8034-4675FF3B536A}"
EndProject
Project("{2150E333-8FDC-42A3-9474-1A3956D46DE8}") = "Tasks", "Tasks", "{E8A5A1F8-7BB2-4ED7-8AB0-BC774ECFDD85}"
EndProject
Project("{2150E333-8FDC-42A3-9474-1A3956D46DE8}") = "HomeTasks", "HomeTasks", "{B9958200-A883-4893-ADDB-4CC3647E5781}"
EndProject
Project("{2150E333-8FDC-42A3-9474-1A3956D46DE8}") = "Tasks", "Tasks", "{772ABF55-7F2A-4436-B4B5-F54D3644D64D}"
EndProject
Project("{2150E333-8FDC-42A3-9474-1A3956D46DE8}") = "HomeTasks", "HomeTasks", "{ED1CB4A3-3A17-488C-AA89-67A70C044C9C}"
EndProject
Project("{2150E333-8FDC-42A3-9474-1A3956D46DE8}") = "HomeTasks", "HomeTasks", "{B65F4E20-0C0E-4EA7-B25F-D7D2F05A6C64}"
EndProject
Project("{2150E333-8FDC-42A3-9474-1A3956D46DE8}") = "Tasks", "Tasks", "{799BC3C9-410C-4653-B7D6-0348526F723B}"
EndProject
Project("{9A19103F-16F7-4668-BE54-9A1E7A4F7556}") = "Types", "Types\Types.csproj", "{601015E8-F3AF-49FB-AD5C-1EE1B927B054}"
EndProject
Project("{9A19103F-16F7-4668-BE54-9A1E7A4F7556}") = "N2", "N2\N2.csproj", "{CE241972-E484-4125-9798-1F0BA834CD28}"
EndProject
Project("{9A19103F-16F7-4668-BE54-9A1E7A4F7556}") = "N2_HT1", "N2_HT1\N2_HT1.csproj", "{F0248E50-9C2A-4A1D-866F-AC8CD7C2B1AB}"
EndProject
Project("{9A19103F-16F7-4668-BE54-9A1E7A4F7556}") = "String", "String\String.csproj", "{B8E7B528-A8EA-433A-A06B-8F5EAF1F77D6}"
EndProject
Project("{9A19103F-16F7-4668-BE54-9A1E7A4F7556}") = "N3", "N3\N3.csproj", "{7DCEF776-AC6F-43EF-AE67-06792DBE348C}"
EndProject
Project("{9A19103F-16F7-4668-BE54-9A1E7A4F7556}") = "N3_HT1", "N3_HT1\N3_HT1.csproj", "{C0755644-6BF9-4094-A6CE-6B9F527F422C}"
EndProject
Project("{9A19103F-16F7-4668-BE54-9A1E7A4F7556}") = "N3_HT2", "N3_HT2\N3_HT2.csproj", "{3188268C-9A25-4793-80B2-1916CEBA21C8}"
EndProject
Project("{9A19103F-16F7-4668-BE54-9A1E7A4F7556}") = "String_2", "String_2\String_2.csproj", "{B6120D13-B5E3-437B-B1DA-47EDD90CB53A}"
EndProject
Project("{9A19103F-16F7-4668-BE54-9A1E7A4F7556}") = "N4", "N4\N4.csproj", "{945BF312-2A15-4CFA-9475-56824DDA17A4}"
EndProject
Project("{9A19103F-16F7-4668-BE54-9A1E7A4F7556}") = "N4_HT1", "N4_HT1\N4_HT1.csproj", "{7A4B534B-D250-4343-B69A-3029CDC4A5A3}"
EndProject
Project("{9A19103F-16F7-4668-BE54-9A1E7A4F7556}") = "N4_HT2", "N4_HT2\N4_HT2.csproj", "{F569F8E8-A389-453C-AE68-B07E1BC9F1B4}"
EndProject
Project("{9A19103F-16F7-4668-BE54-9A1E7A4F7556}") = "ControlStructures", "ControlStructures\ControlStructures.csproj", "{C70BD3A1-B7B1-4CEC-A549-F8A7DF5EDF0C}"
EndProject
Project("{9A19103F-16F7-4668-BE54-9A1E7A4F7556}") = "N5_HT1", "N5_HT1\N5_HT1.csproj", "{1342DF45-B447-42E8-91EC-ED66FC68A6D8}"
EndProject
Project("{9A19103F-16F7-4668-BE54-9A1E7A4F7556}") = "N5_HT2", "N5_HT2\N5_HT2.csproj", "{1050CA1E-D43C-4D28-B946-06E19D225C9E}"
EndProject
Project("{9A19103F-16F7-4668-BE54-9A1E7A4F7556}") = "N5", "N5\N5.csproj", "{6DA158E6-38AC-4BA9-9563-1667E63971A5}"
EndProject
Project("{2150E333-8FDC-42A3-9474-1A3956D46DE8}") = "Lesson_6", "Lesson_6", "{6F0B8181-10DF-4D58-ABF7-80AD1C108A97}"
EndProject
Project("{2150E333-8FDC-42A3-9474-1A3956D46DE8}") = "HomeTasks", "HomeTasks", "{06D69B4A-2DCF-4DA7-998C-C052A2C670FA}"
EndProject
Project("{9A19103F-16F7-4668-BE54-9A1E7A4F7556}") = "N6_HT1", "N6_HT1\N6_HT1.csproj", "{76E67388-65BC-4710-BA83-AA1C15560F28}"
EndProject
Project("{9A19103F-16F7-4668-BE54-9A1E7A4F7556}") = "N6_HT2", "N6_HT2\N6_HT2.csproj", "{C205A7F8-55D8-4137-85EC-D5BD060CB913}"
EndProject
Project("{2150E333-8FDC-42A3-9474-1A3956D46DE8}") = "Tasks", "Tasks", "{88F9ACC5-B7CE-40FC-A044-DF9431C03CE6}"
EndProject
Project("{9A19103F-16F7-4668-BE54-9A1E7A4F7556}") = "HandsOnDataTypes", "HandsOnDataTypes\HandsOnDataTypes.csproj", "{5A8E8E80-9E5D-4A4F-A918-04F91989EDFB}"
EndProject
Project("{9A19103F-16F7-4668-BE54-9A1E7A4F7556}") = "N6", "N6\N6.csproj", "{C5031817-A6FC-4E9C-88EC-D70CC8D772CC}"
EndProject
Project("{2150E333-8FDC-42A3-9474-1A3956D46DE8}") = "Lesson_7", "Lesson_7", "{5E50E0B5-E74E-4001-B862-067EC5115204}"
EndProject
Project("{2150E333-8FDC-42A3-9474-1A3956D46DE8}") = "Tasks", "Tasks", "{F0D1FCB1-93F0-44D5-874C-5675F11072F4}"
EndProject
Project("{9A19103F-16F7-4668-BE54-9A1E7A4F7556}") = "HandsOnDataTypes2", "HandsOnDataTypes2\HandsOnDataTypes2.csproj", "{DE7C1D10-E351-4C61-AB58-737F327A7281}"
EndProject
Project("{9A19103F-16F7-4668-BE54-9A1E7A4F7556}") = "N7", "N7\N7.csproj", "{6A859D80-EDCC-4C1A-9788-6B2127D4F602}"
EndProject
Project("{2150E333-8FDC-42A3-9474-1A3956D46DE8}") = "HomeTasks", "HomeTasks", "{E38E1888-AC3A-463A-AD08-D8692B99A812}"
EndProject
Project("{9A19103F-16F7-4668-BE54-9A1E7A4F7556}") = "N7_HT1", "N7_HT1\N7_HT1.csproj", "{3BAB1B64-CF0E-40A9-95E4-89C743F1CF17}"
EndProject
Project("{2150E333-8FDC-42A3-9474-1A3956D46DE8}") = "Lesson_8", "Lesson_8", "{9BC6CC2A-81E7-4478-A6D3-37450D19D463}"
EndProject
Project("{2150E333-8FDC-42A3-9474-1A3956D46DE8}") = "Tasks", "Tasks", "{2EC179B1-AA2B-4465-9A39-9F043A71F63A}"
EndProject
Project("{2150E333-8FDC-42A3-9474-1A3956D46DE8}") = "HomeTasks", "HomeTasks", "{40381575-262E-4FC8-919E-7738A0474DDA}"
EndProject
Project("{9A19103F-16F7-4668-BE54-9A1E7A4F7556}") = "N8", "N8\N8.csproj", "{4B46C387-9C3D-4403-AE1E-0A5777A3E4CF}"
EndProject
Project("{9A19103F-16F7-4668-BE54-9A1E7A4F7556}") = "N8_HT2", "N8_HT2\N8_HT2.csproj", "{BB1E4B72-0EBC-4366-9342-4113C906BFE3}"
EndProject
Project("{9A19103F-16F7-4668-BE54-9A1E7A4F7556}") = "HandOnDataTypes3", "HandOnDataTypes3\HandOnDataTypes3.csproj", "{FA7FF0AB-DF59-4A40-BDE7-5C7107CDA7B4}"
EndProject
Project("{2150E333-8FDC-42A3-9474-1A3956D46DE8}") = "Lesson_9", "Lesson_9", "{5D54F2A1-23FE-4A4A-9456-90F229A3B40C}"
EndProject
Project("{2150E333-8FDC-42A3-9474-1A3956D46DE8}") = "Tasks", "Tasks", "{5EE2C868-76E5-41CB-8FB5-F51E24636767}"
EndProject
Project("{2150E333-8FDC-42A3-9474-1A3956D46DE8}") = "HomeTasks", "HomeTasks", "{59B0785D-C98A-4E4C-B978-7A9100BC1266}"
EndProject
Project("{9A19103F-16F7-4668-BE54-9A1E7A4F7556}") = "N9_HT1", "N9_HT1\N9_HT1.csproj", "{4432E184-09BE-433B-B546-803B45EC1B20}"
EndProject
Project("{9A19103F-16F7-4668-BE54-9A1E7A4F7556}") = "N9_HT2", "N9_HT2\N9_HT2.csproj", "{E1179093-B203-4095-8465-E08FCE4429C1}"
EndProject
Project("{9A19103F-16F7-4668-BE54-9A1E7A4F7556}") = "HandsOnDataTypes4", "HandsOnDataTypes4\HandsOnDataTypes4.csproj", "{D37CA1A1-358E-476A-9D41-85B7719E78FB}"
EndProject
Project("{9A19103F-16F7-4668-BE54-9A1E7A4F7556}") = "N9", "N9\N9.csproj", "{CF6125F8-B697-4B6D-9B29-7F448B675953}"
EndProject
Project("{2150E333-8FDC-42A3-9474-1A3956D46DE8}") = "Lesson_10", "Lesson_10", "{0CFD52ED-B35A-4959-B1E6-87502FE9BF6A}"
EndProject
Project("{2150E333-8FDC-42A3-9474-1A3956D46DE8}") = "Tasks", "Tasks", "{4266D59F-9776-4652-BAA0-76D420A1E48A}"
EndProject
Project("{2150E333-8FDC-42A3-9474-1A3956D46DE8}") = "HomeTasks", "HomeTasks", "{FAFC79FD-E0FD-444B-A275-9F1E334B222E}"
EndProject
Project("{9A19103F-16F7-4668-BE54-9A1E7A4F7556}") = "N10_HT1", "N10_HT1\N10_HT1.csproj", "{8B5F6ECE-00F3-413A-AB95-785858909139}"
EndProject
Project("{9A19103F-16F7-4668-BE54-9A1E7A4F7556}") = "N10_HT2", "N10_HT2\N10_HT2.csproj", "{456D5B5E-9A76-49A9-9DAF-19B20EDCE9FF}"
EndProject
Project("{9A19103F-16F7-4668-BE54-9A1E7A4F7556}") = "N10_T1", "N10_T1\N10_T1.csproj", "{CBA80D12-AAB1-4B0E-A5EA-D053A2AB5E8C}"
EndProject
Project("{9A19103F-16F7-4668-BE54-9A1E7A4F7556}") = "N10_T2", "N10_T2\N10_T2.csproj", "{A497FAD5-9B97-4104-BF54-612B18A5F761}"
EndProject
Project("{9A19103F-16F7-4668-BE54-9A1E7A4F7556}") = "N10_T3", "N10_T3\N10_T3.csproj", "{033582F0-A557-4E2F-A806-F4F8FF28F323}"
EndProject
Project("{9A19103F-16F7-4668-BE54-9A1E7A4F7556}") = "N10_T4", "N10_T4\N10_T4.csproj", "{9BA80BC0-EA15-4A7D-85E1-576955EA6B51}"
EndProject
Project("{2150E333-8FDC-42A3-9474-1A3956D46DE8}") = "Lesson_11", "Lesson_11", "{D57A5CDB-9832-4187-802C-9593818BBFCB}"
EndProject
Project("{2150E333-8FDC-42A3-9474-1A3956D46DE8}") = "Tasks", "Tasks", "{1102025F-3C58-4007-894F-395FAE59B36A}"
EndProject
Project("{2150E333-8FDC-42A3-9474-1A3956D46DE8}") = "HomeTasks", "HomeTasks", "{4D3D1E3D-6BE8-45E2-83FF-E36678391B9B}"
EndProject
Project("{9A19103F-16F7-4668-BE54-9A1E7A4F7556}") = "N11_HT1", "N11_HT1\N11_HT1.csproj", "{B8D2F763-4C6E-4AA2-B1AE-2ACDE0E48BCA}"
EndProject
Project("{9A19103F-16F7-4668-BE54-9A1E7A4F7556}") = "N11_HT2", "N11_HT2\N11_HT2.csproj", "{96B100B6-AB55-490C-9B6E-9998E312B82C}"
EndProject
Project("{9A19103F-16F7-4668-BE54-9A1E7A4F7556}") = "N11_T1", "N11_T1\N11_T1.csproj", "{A96CDDE4-AB6C-4CA2-B2F9-14979EA828C7}"
EndProject
Project("{9A19103F-16F7-4668-BE54-9A1E7A4F7556}") = "N11_T2", "N11_T2\N11_T2.csproj", "{B7492DD9-BADE-4D72-9E8C-64BD239DC2C6}"
EndProject
Project("{2150E333-8FDC-42A3-9474-1A3956D46DE8}") = "Lesson_12", "Lesson_12", "{21DDC496-F72B-4D12-A248-4177B6E7695B}"
EndProject
Project("{2150E333-8FDC-42A3-9474-1A3956D46DE8}") = "Tasks", "Tasks", "{470278A7-870B-4DFF-927C-8C99AD50DCE2}"
EndProject
Project("{9A19103F-16F7-4668-BE54-9A1E7A4F7556}") = "N12_T1", "N12_T1\N12_T1.csproj", "{3EED480B-1B62-47AB-BA24-4DF71F0B5FA4}"
EndProject
Project("{9A19103F-16F7-4668-BE54-9A1E7A4F7556}") = "N12_T2", "N12_T2\N12_T2.csproj", "{1F692D4F-62F8-435D-8DA2-AFDC0738504A}"
EndProject
Project("{9A19103F-16F7-4668-BE54-9A1E7A4F7556}") = "N12_T5", "N12_T5\N12_T5.csproj", "{C537F249-FF42-4C1F-9EED-980EF214C79C}"
EndProject
Project("{9A19103F-16F7-4668-BE54-9A1E7A4F7556}") = "N12_T3", "N12_T3\N12_T3.csproj", "{47EAC963-FEA6-4CF6-90FA-0ACA5CD2176E}"
EndProject
Project("{9A19103F-16F7-4668-BE54-9A1E7A4F7556}") = "N12_T4", "N12_T4\N12_T4.csproj", "{F1DF042F-B91E-4ABD-BC20-8490C5C3F0F9}"
EndProject
Project("{9A19103F-16F7-4668-BE54-9A1E7A4F7556}") = "N12_T6", "N12_T6\N12_T6.csproj", "{5B55370F-E02C-4BE8-90CD-3A269AB8AA3A}"
EndProject
Project("{2150E333-8FDC-42A3-9474-1A3956D46DE8}") = "HomeTasks", "HomeTasks", "{3E943174-B3DE-475D-9C4B-3350E11624FC}"
EndProject
Project("{9A19103F-16F7-4668-BE54-9A1E7A4F7556}") = "N12_HT1", "N12_HT1\N12_HT1.csproj", "{79A76E63-D7D1-4CD8-9902-6D94A42ED337}"
EndProject
Project("{9A19103F-16F7-4668-BE54-9A1E7A4F7556}") = "N12_HT2", "N12_HT2\N12_HT2.csproj", "{22A306EE-7069-4588-A83B-80B188F2BC7B}"
EndProject
Project("{9A19103F-16F7-4668-BE54-9A1E7A4F7556}") = "N11", "N11\N11.csproj", "{D96FA365-0AC8-4565-824E-A3935987B92D}"
EndProject
Project("{2150E333-8FDC-42A3-9474-1A3956D46DE8}") = "Lesson_13", "Lesson_13", "{A9FE4908-AD0F-4584-BC37-CEA8FACA8EA2}"
EndProject
Project("{2150E333-8FDC-42A3-9474-1A3956D46DE8}") = "Tasks", "Tasks", "{D80517B8-F69A-4665-AA45-161DB2227178}"
EndProject
Project("{9A19103F-16F7-4668-BE54-9A1E7A4F7556}") = "N13_T1", "N13_T1\N13_T1.csproj", "{D65767CD-9393-4BBE-A4EE-A364D01EF5D0}"
EndProject
Project("{9A19103F-16F7-4668-BE54-9A1E7A4F7556}") = "N13_T2", "N13_T2\N13_T2.csproj", "{6FF84259-23D4-42A8-85AC-40A0AEF0EE9A}"
EndProject
Project("{9A19103F-16F7-4668-BE54-9A1E7A4F7556}") = "N13_T3", "N13_T3\N13_T3.csproj", "{178928FD-BE8E-4488-B77C-663CD81FB268}"
EndProject
Project("{9A19103F-16F7-4668-BE54-9A1E7A4F7556}") = "N13_T4", "N13_T4\N13_T4.csproj", "{70DB93AA-71A7-4897-B54D-BEAF019CFEDF}"
EndProject
Project("{2150E333-8FDC-42A3-9474-1A3956D46DE8}") = "HomeTasks", "HomeTasks", "{8710C00E-5567-4134-BFA2-B1E8634ADCA2}"
EndProject
Project("{9A19103F-16F7-4668-BE54-9A1E7A4F7556}") = "N13_HT1", "N13_HT1\N13_HT1.csproj", "{5DF8D155-01F1-4F82-B409-1CAF25BBD685}"
EndProject
Project("{9A19103F-16F7-4668-BE54-9A1E7A4F7556}") = "N13_HT2", "N13_HT2\N13_HT2.csproj", "{67EE4F0A-D7C3-4220-8FA3-C8EACDE9F256}"
EndProject
Project("{9A19103F-16F7-4668-BE54-9A1E7A4F7556}") = "N13_T5", "N13_T5\N13_T5.csproj", "{FBEC3699-FBAD-4567-870D-774DF916D65C}"
EndProject
Project("{9A19103F-16F7-4668-BE54-9A1E7A4F7556}") = "N13_T6", "N13_T6\N13_T6.csproj", "{7FEC9600-7994-45CD-901C-C02EACC16C25}"
EndProject
Project("{2150E333-8FDC-42A3-9474-1A3956D46DE8}") = "Lesson_14", "Lesson_14", "{2ABC24F6-4E0C-4C95-AFB4-90DC55024F28}"
EndProject
Project("{2150E333-8FDC-42A3-9474-1A3956D46DE8}") = "Tasks", "Tasks", "{1B28CB32-CBB9-4FBB-945E-1062FFC736B0}"
EndProject
Project("{9A19103F-16F7-4668-BE54-9A1E7A4F7556}") = "N14_T1", "N14_T1\N14_T1.csproj", "{D24B8FB6-04B4-4400-808B-8E5681696840}"
EndProject
Project("{9A19103F-16F7-4668-BE54-9A1E7A4F7556}") = "N14_T2", "N14_T2\N14_T2.csproj", "{4A6C1159-5325-4B77-836D-E7B44F5E2E1F}"
EndProject
Project("{2150E333-8FDC-42A3-9474-1A3956D46DE8}") = "HomeTasks", "HomeTasks", "{9A056474-5B86-4AE4-9ED6-2087122D46A0}"
EndProject
Project("{9A19103F-16F7-4668-BE54-9A1E7A4F7556}") = "N14_HT1", "N14_HT1\N14_HT1.csproj", "{9031DD4A-0C24-4038-B3A5-6E6DCA701DE9}"
EndProject
Project("{FAE04EC0-301F-11D3-BF4B-00C04F79EFBC}") = "N14_HT2_CL", "N14_HT2_CL\N14_HT2_CL.csproj", "{D3C9F0FD-A4F3-4894-B791-417838168ED2}"
EndProject
Project("{FAE04EC0-301F-11D3-BF4B-00C04F79EFBC}") = "N14_T3", "N14_T3\N14_T3.csproj", "{600232F9-881A-46BC-B5EC-0EF47820C346}"
EndProject
Project("{FAE04EC0-301F-11D3-BF4B-00C04F79EFBC}") = "N14_T4", "N14_T4\N14_T4.csproj", "{EE623D42-BC0D-4A1D-948F-988185AC2193}"
EndProject
Project("{FAE04EC0-301F-11D3-BF4B-00C04F79EFBC}") = "N13_T7", "N13_T7\N13_T7.csproj", "{F8F602CD-7C10-4EF9-B30F-2F2837D35595}"
EndProject
Project("{FAE04EC0-301F-11D3-BF4B-00C04F79EFBC}") = "N13_T8", "N13_T8\N13_T8.csproj", "{ECAD7F0E-AB36-41D1-909D-BB189553C67A}"
EndProject
Global
	GlobalSection(SolutionConfigurationPlatforms) = preSolution
		Debug|Any CPU = Debug|Any CPU
		Release|Any CPU = Release|Any CPU
	EndGlobalSection
	GlobalSection(ProjectConfigurationPlatforms) = postSolution
		{4D6E811D-E15C-40C0-BCE1-413B247354D1}.Debug|Any CPU.ActiveCfg = Debug|Any CPU
		{4D6E811D-E15C-40C0-BCE1-413B247354D1}.Debug|Any CPU.Build.0 = Debug|Any CPU
		{4D6E811D-E15C-40C0-BCE1-413B247354D1}.Release|Any CPU.ActiveCfg = Release|Any CPU
		{4D6E811D-E15C-40C0-BCE1-413B247354D1}.Release|Any CPU.Build.0 = Release|Any CPU
		{601015E8-F3AF-49FB-AD5C-1EE1B927B054}.Debug|Any CPU.ActiveCfg = Debug|Any CPU
		{601015E8-F3AF-49FB-AD5C-1EE1B927B054}.Debug|Any CPU.Build.0 = Debug|Any CPU
		{601015E8-F3AF-49FB-AD5C-1EE1B927B054}.Release|Any CPU.ActiveCfg = Release|Any CPU
		{601015E8-F3AF-49FB-AD5C-1EE1B927B054}.Release|Any CPU.Build.0 = Release|Any CPU
		{CE241972-E484-4125-9798-1F0BA834CD28}.Debug|Any CPU.ActiveCfg = Debug|Any CPU
		{CE241972-E484-4125-9798-1F0BA834CD28}.Debug|Any CPU.Build.0 = Debug|Any CPU
		{CE241972-E484-4125-9798-1F0BA834CD28}.Release|Any CPU.ActiveCfg = Release|Any CPU
		{CE241972-E484-4125-9798-1F0BA834CD28}.Release|Any CPU.Build.0 = Release|Any CPU
		{F0248E50-9C2A-4A1D-866F-AC8CD7C2B1AB}.Debug|Any CPU.ActiveCfg = Debug|Any CPU
		{F0248E50-9C2A-4A1D-866F-AC8CD7C2B1AB}.Debug|Any CPU.Build.0 = Debug|Any CPU
		{F0248E50-9C2A-4A1D-866F-AC8CD7C2B1AB}.Release|Any CPU.ActiveCfg = Release|Any CPU
		{F0248E50-9C2A-4A1D-866F-AC8CD7C2B1AB}.Release|Any CPU.Build.0 = Release|Any CPU
		{B8E7B528-A8EA-433A-A06B-8F5EAF1F77D6}.Debug|Any CPU.ActiveCfg = Debug|Any CPU
		{B8E7B528-A8EA-433A-A06B-8F5EAF1F77D6}.Debug|Any CPU.Build.0 = Debug|Any CPU
		{B8E7B528-A8EA-433A-A06B-8F5EAF1F77D6}.Release|Any CPU.ActiveCfg = Release|Any CPU
		{B8E7B528-A8EA-433A-A06B-8F5EAF1F77D6}.Release|Any CPU.Build.0 = Release|Any CPU
		{7DCEF776-AC6F-43EF-AE67-06792DBE348C}.Debug|Any CPU.ActiveCfg = Debug|Any CPU
		{7DCEF776-AC6F-43EF-AE67-06792DBE348C}.Debug|Any CPU.Build.0 = Debug|Any CPU
		{7DCEF776-AC6F-43EF-AE67-06792DBE348C}.Release|Any CPU.ActiveCfg = Release|Any CPU
		{7DCEF776-AC6F-43EF-AE67-06792DBE348C}.Release|Any CPU.Build.0 = Release|Any CPU
		{C0755644-6BF9-4094-A6CE-6B9F527F422C}.Debug|Any CPU.ActiveCfg = Debug|Any CPU
		{C0755644-6BF9-4094-A6CE-6B9F527F422C}.Debug|Any CPU.Build.0 = Debug|Any CPU
		{C0755644-6BF9-4094-A6CE-6B9F527F422C}.Release|Any CPU.ActiveCfg = Release|Any CPU
		{C0755644-6BF9-4094-A6CE-6B9F527F422C}.Release|Any CPU.Build.0 = Release|Any CPU
		{3188268C-9A25-4793-80B2-1916CEBA21C8}.Debug|Any CPU.ActiveCfg = Debug|Any CPU
		{3188268C-9A25-4793-80B2-1916CEBA21C8}.Debug|Any CPU.Build.0 = Debug|Any CPU
		{3188268C-9A25-4793-80B2-1916CEBA21C8}.Release|Any CPU.ActiveCfg = Release|Any CPU
		{3188268C-9A25-4793-80B2-1916CEBA21C8}.Release|Any CPU.Build.0 = Release|Any CPU
		{B6120D13-B5E3-437B-B1DA-47EDD90CB53A}.Debug|Any CPU.ActiveCfg = Debug|Any CPU
		{B6120D13-B5E3-437B-B1DA-47EDD90CB53A}.Debug|Any CPU.Build.0 = Debug|Any CPU
		{B6120D13-B5E3-437B-B1DA-47EDD90CB53A}.Release|Any CPU.ActiveCfg = Release|Any CPU
		{B6120D13-B5E3-437B-B1DA-47EDD90CB53A}.Release|Any CPU.Build.0 = Release|Any CPU
		{945BF312-2A15-4CFA-9475-56824DDA17A4}.Debug|Any CPU.ActiveCfg = Debug|Any CPU
		{945BF312-2A15-4CFA-9475-56824DDA17A4}.Debug|Any CPU.Build.0 = Debug|Any CPU
		{945BF312-2A15-4CFA-9475-56824DDA17A4}.Release|Any CPU.ActiveCfg = Release|Any CPU
		{945BF312-2A15-4CFA-9475-56824DDA17A4}.Release|Any CPU.Build.0 = Release|Any CPU
		{7A4B534B-D250-4343-B69A-3029CDC4A5A3}.Debug|Any CPU.ActiveCfg = Debug|Any CPU
		{7A4B534B-D250-4343-B69A-3029CDC4A5A3}.Debug|Any CPU.Build.0 = Debug|Any CPU
		{7A4B534B-D250-4343-B69A-3029CDC4A5A3}.Release|Any CPU.ActiveCfg = Release|Any CPU
		{7A4B534B-D250-4343-B69A-3029CDC4A5A3}.Release|Any CPU.Build.0 = Release|Any CPU
		{F569F8E8-A389-453C-AE68-B07E1BC9F1B4}.Debug|Any CPU.ActiveCfg = Debug|Any CPU
		{F569F8E8-A389-453C-AE68-B07E1BC9F1B4}.Debug|Any CPU.Build.0 = Debug|Any CPU
		{F569F8E8-A389-453C-AE68-B07E1BC9F1B4}.Release|Any CPU.ActiveCfg = Release|Any CPU
		{F569F8E8-A389-453C-AE68-B07E1BC9F1B4}.Release|Any CPU.Build.0 = Release|Any CPU
		{C70BD3A1-B7B1-4CEC-A549-F8A7DF5EDF0C}.Debug|Any CPU.ActiveCfg = Debug|Any CPU
		{C70BD3A1-B7B1-4CEC-A549-F8A7DF5EDF0C}.Debug|Any CPU.Build.0 = Debug|Any CPU
		{C70BD3A1-B7B1-4CEC-A549-F8A7DF5EDF0C}.Release|Any CPU.ActiveCfg = Release|Any CPU
		{C70BD3A1-B7B1-4CEC-A549-F8A7DF5EDF0C}.Release|Any CPU.Build.0 = Release|Any CPU
		{1342DF45-B447-42E8-91EC-ED66FC68A6D8}.Debug|Any CPU.ActiveCfg = Debug|Any CPU
		{1342DF45-B447-42E8-91EC-ED66FC68A6D8}.Debug|Any CPU.Build.0 = Debug|Any CPU
		{1342DF45-B447-42E8-91EC-ED66FC68A6D8}.Release|Any CPU.ActiveCfg = Release|Any CPU
		{1342DF45-B447-42E8-91EC-ED66FC68A6D8}.Release|Any CPU.Build.0 = Release|Any CPU
		{1050CA1E-D43C-4D28-B946-06E19D225C9E}.Debug|Any CPU.ActiveCfg = Debug|Any CPU
		{1050CA1E-D43C-4D28-B946-06E19D225C9E}.Debug|Any CPU.Build.0 = Debug|Any CPU
		{1050CA1E-D43C-4D28-B946-06E19D225C9E}.Release|Any CPU.ActiveCfg = Release|Any CPU
		{1050CA1E-D43C-4D28-B946-06E19D225C9E}.Release|Any CPU.Build.0 = Release|Any CPU
		{6DA158E6-38AC-4BA9-9563-1667E63971A5}.Debug|Any CPU.ActiveCfg = Debug|Any CPU
		{6DA158E6-38AC-4BA9-9563-1667E63971A5}.Debug|Any CPU.Build.0 = Debug|Any CPU
		{6DA158E6-38AC-4BA9-9563-1667E63971A5}.Release|Any CPU.ActiveCfg = Release|Any CPU
		{6DA158E6-38AC-4BA9-9563-1667E63971A5}.Release|Any CPU.Build.0 = Release|Any CPU
		{76E67388-65BC-4710-BA83-AA1C15560F28}.Debug|Any CPU.ActiveCfg = Debug|Any CPU
		{76E67388-65BC-4710-BA83-AA1C15560F28}.Debug|Any CPU.Build.0 = Debug|Any CPU
		{76E67388-65BC-4710-BA83-AA1C15560F28}.Release|Any CPU.ActiveCfg = Release|Any CPU
		{76E67388-65BC-4710-BA83-AA1C15560F28}.Release|Any CPU.Build.0 = Release|Any CPU
		{C205A7F8-55D8-4137-85EC-D5BD060CB913}.Debug|Any CPU.ActiveCfg = Debug|Any CPU
		{C205A7F8-55D8-4137-85EC-D5BD060CB913}.Debug|Any CPU.Build.0 = Debug|Any CPU
		{C205A7F8-55D8-4137-85EC-D5BD060CB913}.Release|Any CPU.ActiveCfg = Release|Any CPU
		{C205A7F8-55D8-4137-85EC-D5BD060CB913}.Release|Any CPU.Build.0 = Release|Any CPU
		{5A8E8E80-9E5D-4A4F-A918-04F91989EDFB}.Debug|Any CPU.ActiveCfg = Debug|Any CPU
		{5A8E8E80-9E5D-4A4F-A918-04F91989EDFB}.Debug|Any CPU.Build.0 = Debug|Any CPU
		{5A8E8E80-9E5D-4A4F-A918-04F91989EDFB}.Release|Any CPU.ActiveCfg = Release|Any CPU
		{5A8E8E80-9E5D-4A4F-A918-04F91989EDFB}.Release|Any CPU.Build.0 = Release|Any CPU
		{C5031817-A6FC-4E9C-88EC-D70CC8D772CC}.Debug|Any CPU.ActiveCfg = Debug|Any CPU
		{C5031817-A6FC-4E9C-88EC-D70CC8D772CC}.Debug|Any CPU.Build.0 = Debug|Any CPU
		{C5031817-A6FC-4E9C-88EC-D70CC8D772CC}.Release|Any CPU.ActiveCfg = Release|Any CPU
		{C5031817-A6FC-4E9C-88EC-D70CC8D772CC}.Release|Any CPU.Build.0 = Release|Any CPU
		{DE7C1D10-E351-4C61-AB58-737F327A7281}.Debug|Any CPU.ActiveCfg = Debug|Any CPU
		{DE7C1D10-E351-4C61-AB58-737F327A7281}.Debug|Any CPU.Build.0 = Debug|Any CPU
		{DE7C1D10-E351-4C61-AB58-737F327A7281}.Release|Any CPU.ActiveCfg = Release|Any CPU
		{DE7C1D10-E351-4C61-AB58-737F327A7281}.Release|Any CPU.Build.0 = Release|Any CPU
		{6A859D80-EDCC-4C1A-9788-6B2127D4F602}.Debug|Any CPU.ActiveCfg = Debug|Any CPU
		{6A859D80-EDCC-4C1A-9788-6B2127D4F602}.Debug|Any CPU.Build.0 = Debug|Any CPU
		{6A859D80-EDCC-4C1A-9788-6B2127D4F602}.Release|Any CPU.ActiveCfg = Release|Any CPU
		{6A859D80-EDCC-4C1A-9788-6B2127D4F602}.Release|Any CPU.Build.0 = Release|Any CPU
		{3BAB1B64-CF0E-40A9-95E4-89C743F1CF17}.Debug|Any CPU.ActiveCfg = Debug|Any CPU
		{3BAB1B64-CF0E-40A9-95E4-89C743F1CF17}.Debug|Any CPU.Build.0 = Debug|Any CPU
		{3BAB1B64-CF0E-40A9-95E4-89C743F1CF17}.Release|Any CPU.ActiveCfg = Release|Any CPU
		{3BAB1B64-CF0E-40A9-95E4-89C743F1CF17}.Release|Any CPU.Build.0 = Release|Any CPU
		{4B46C387-9C3D-4403-AE1E-0A5777A3E4CF}.Debug|Any CPU.ActiveCfg = Debug|Any CPU
		{4B46C387-9C3D-4403-AE1E-0A5777A3E4CF}.Debug|Any CPU.Build.0 = Debug|Any CPU
		{4B46C387-9C3D-4403-AE1E-0A5777A3E4CF}.Release|Any CPU.ActiveCfg = Release|Any CPU
		{4B46C387-9C3D-4403-AE1E-0A5777A3E4CF}.Release|Any CPU.Build.0 = Release|Any CPU
		{BB1E4B72-0EBC-4366-9342-4113C906BFE3}.Debug|Any CPU.ActiveCfg = Debug|Any CPU
		{BB1E4B72-0EBC-4366-9342-4113C906BFE3}.Debug|Any CPU.Build.0 = Debug|Any CPU
		{BB1E4B72-0EBC-4366-9342-4113C906BFE3}.Release|Any CPU.ActiveCfg = Release|Any CPU
		{BB1E4B72-0EBC-4366-9342-4113C906BFE3}.Release|Any CPU.Build.0 = Release|Any CPU
		{FA7FF0AB-DF59-4A40-BDE7-5C7107CDA7B4}.Debug|Any CPU.ActiveCfg = Debug|Any CPU
		{FA7FF0AB-DF59-4A40-BDE7-5C7107CDA7B4}.Debug|Any CPU.Build.0 = Debug|Any CPU
		{FA7FF0AB-DF59-4A40-BDE7-5C7107CDA7B4}.Release|Any CPU.ActiveCfg = Release|Any CPU
		{FA7FF0AB-DF59-4A40-BDE7-5C7107CDA7B4}.Release|Any CPU.Build.0 = Release|Any CPU
		{4432E184-09BE-433B-B546-803B45EC1B20}.Debug|Any CPU.ActiveCfg = Debug|Any CPU
		{4432E184-09BE-433B-B546-803B45EC1B20}.Debug|Any CPU.Build.0 = Debug|Any CPU
		{4432E184-09BE-433B-B546-803B45EC1B20}.Release|Any CPU.ActiveCfg = Release|Any CPU
		{4432E184-09BE-433B-B546-803B45EC1B20}.Release|Any CPU.Build.0 = Release|Any CPU
		{E1179093-B203-4095-8465-E08FCE4429C1}.Debug|Any CPU.ActiveCfg = Debug|Any CPU
		{E1179093-B203-4095-8465-E08FCE4429C1}.Debug|Any CPU.Build.0 = Debug|Any CPU
		{E1179093-B203-4095-8465-E08FCE4429C1}.Release|Any CPU.ActiveCfg = Release|Any CPU
		{E1179093-B203-4095-8465-E08FCE4429C1}.Release|Any CPU.Build.0 = Release|Any CPU
		{D37CA1A1-358E-476A-9D41-85B7719E78FB}.Debug|Any CPU.ActiveCfg = Debug|Any CPU
		{D37CA1A1-358E-476A-9D41-85B7719E78FB}.Debug|Any CPU.Build.0 = Debug|Any CPU
		{D37CA1A1-358E-476A-9D41-85B7719E78FB}.Release|Any CPU.ActiveCfg = Release|Any CPU
		{D37CA1A1-358E-476A-9D41-85B7719E78FB}.Release|Any CPU.Build.0 = Release|Any CPU
		{CF6125F8-B697-4B6D-9B29-7F448B675953}.Debug|Any CPU.ActiveCfg = Debug|Any CPU
		{CF6125F8-B697-4B6D-9B29-7F448B675953}.Debug|Any CPU.Build.0 = Debug|Any CPU
		{CF6125F8-B697-4B6D-9B29-7F448B675953}.Release|Any CPU.ActiveCfg = Release|Any CPU
		{CF6125F8-B697-4B6D-9B29-7F448B675953}.Release|Any CPU.Build.0 = Release|Any CPU
		{8B5F6ECE-00F3-413A-AB95-785858909139}.Debug|Any CPU.ActiveCfg = Debug|Any CPU
		{8B5F6ECE-00F3-413A-AB95-785858909139}.Debug|Any CPU.Build.0 = Debug|Any CPU
		{8B5F6ECE-00F3-413A-AB95-785858909139}.Release|Any CPU.ActiveCfg = Release|Any CPU
		{8B5F6ECE-00F3-413A-AB95-785858909139}.Release|Any CPU.Build.0 = Release|Any CPU
		{456D5B5E-9A76-49A9-9DAF-19B20EDCE9FF}.Debug|Any CPU.ActiveCfg = Debug|Any CPU
		{456D5B5E-9A76-49A9-9DAF-19B20EDCE9FF}.Debug|Any CPU.Build.0 = Debug|Any CPU
		{456D5B5E-9A76-49A9-9DAF-19B20EDCE9FF}.Release|Any CPU.ActiveCfg = Release|Any CPU
		{456D5B5E-9A76-49A9-9DAF-19B20EDCE9FF}.Release|Any CPU.Build.0 = Release|Any CPU
		{CBA80D12-AAB1-4B0E-A5EA-D053A2AB5E8C}.Debug|Any CPU.ActiveCfg = Debug|Any CPU
		{CBA80D12-AAB1-4B0E-A5EA-D053A2AB5E8C}.Debug|Any CPU.Build.0 = Debug|Any CPU
		{CBA80D12-AAB1-4B0E-A5EA-D053A2AB5E8C}.Release|Any CPU.ActiveCfg = Release|Any CPU
		{CBA80D12-AAB1-4B0E-A5EA-D053A2AB5E8C}.Release|Any CPU.Build.0 = Release|Any CPU
		{A497FAD5-9B97-4104-BF54-612B18A5F761}.Debug|Any CPU.ActiveCfg = Debug|Any CPU
		{A497FAD5-9B97-4104-BF54-612B18A5F761}.Debug|Any CPU.Build.0 = Debug|Any CPU
		{A497FAD5-9B97-4104-BF54-612B18A5F761}.Release|Any CPU.ActiveCfg = Release|Any CPU
		{A497FAD5-9B97-4104-BF54-612B18A5F761}.Release|Any CPU.Build.0 = Release|Any CPU
		{033582F0-A557-4E2F-A806-F4F8FF28F323}.Debug|Any CPU.ActiveCfg = Debug|Any CPU
		{033582F0-A557-4E2F-A806-F4F8FF28F323}.Debug|Any CPU.Build.0 = Debug|Any CPU
		{033582F0-A557-4E2F-A806-F4F8FF28F323}.Release|Any CPU.ActiveCfg = Release|Any CPU
		{033582F0-A557-4E2F-A806-F4F8FF28F323}.Release|Any CPU.Build.0 = Release|Any CPU
		{9BA80BC0-EA15-4A7D-85E1-576955EA6B51}.Debug|Any CPU.ActiveCfg = Debug|Any CPU
		{9BA80BC0-EA15-4A7D-85E1-576955EA6B51}.Debug|Any CPU.Build.0 = Debug|Any CPU
		{9BA80BC0-EA15-4A7D-85E1-576955EA6B51}.Release|Any CPU.ActiveCfg = Release|Any CPU
		{9BA80BC0-EA15-4A7D-85E1-576955EA6B51}.Release|Any CPU.Build.0 = Release|Any CPU
		{B8D2F763-4C6E-4AA2-B1AE-2ACDE0E48BCA}.Debug|Any CPU.ActiveCfg = Debug|Any CPU
		{B8D2F763-4C6E-4AA2-B1AE-2ACDE0E48BCA}.Debug|Any CPU.Build.0 = Debug|Any CPU
		{B8D2F763-4C6E-4AA2-B1AE-2ACDE0E48BCA}.Release|Any CPU.ActiveCfg = Release|Any CPU
		{B8D2F763-4C6E-4AA2-B1AE-2ACDE0E48BCA}.Release|Any CPU.Build.0 = Release|Any CPU
		{96B100B6-AB55-490C-9B6E-9998E312B82C}.Debug|Any CPU.ActiveCfg = Debug|Any CPU
		{96B100B6-AB55-490C-9B6E-9998E312B82C}.Debug|Any CPU.Build.0 = Debug|Any CPU
		{96B100B6-AB55-490C-9B6E-9998E312B82C}.Release|Any CPU.ActiveCfg = Release|Any CPU
		{96B100B6-AB55-490C-9B6E-9998E312B82C}.Release|Any CPU.Build.0 = Release|Any CPU
		{A96CDDE4-AB6C-4CA2-B2F9-14979EA828C7}.Debug|Any CPU.ActiveCfg = Debug|Any CPU
		{A96CDDE4-AB6C-4CA2-B2F9-14979EA828C7}.Debug|Any CPU.Build.0 = Debug|Any CPU
		{A96CDDE4-AB6C-4CA2-B2F9-14979EA828C7}.Release|Any CPU.ActiveCfg = Release|Any CPU
		{A96CDDE4-AB6C-4CA2-B2F9-14979EA828C7}.Release|Any CPU.Build.0 = Release|Any CPU
		{B7492DD9-BADE-4D72-9E8C-64BD239DC2C6}.Debug|Any CPU.ActiveCfg = Debug|Any CPU
		{B7492DD9-BADE-4D72-9E8C-64BD239DC2C6}.Debug|Any CPU.Build.0 = Debug|Any CPU
		{B7492DD9-BADE-4D72-9E8C-64BD239DC2C6}.Release|Any CPU.ActiveCfg = Release|Any CPU
		{B7492DD9-BADE-4D72-9E8C-64BD239DC2C6}.Release|Any CPU.Build.0 = Release|Any CPU
		{3EED480B-1B62-47AB-BA24-4DF71F0B5FA4}.Debug|Any CPU.ActiveCfg = Debug|Any CPU
		{3EED480B-1B62-47AB-BA24-4DF71F0B5FA4}.Debug|Any CPU.Build.0 = Debug|Any CPU
		{3EED480B-1B62-47AB-BA24-4DF71F0B5FA4}.Release|Any CPU.ActiveCfg = Release|Any CPU
		{3EED480B-1B62-47AB-BA24-4DF71F0B5FA4}.Release|Any CPU.Build.0 = Release|Any CPU
		{1F692D4F-62F8-435D-8DA2-AFDC0738504A}.Debug|Any CPU.ActiveCfg = Debug|Any CPU
		{1F692D4F-62F8-435D-8DA2-AFDC0738504A}.Debug|Any CPU.Build.0 = Debug|Any CPU
		{1F692D4F-62F8-435D-8DA2-AFDC0738504A}.Release|Any CPU.ActiveCfg = Release|Any CPU
		{1F692D4F-62F8-435D-8DA2-AFDC0738504A}.Release|Any CPU.Build.0 = Release|Any CPU
		{C537F249-FF42-4C1F-9EED-980EF214C79C}.Debug|Any CPU.ActiveCfg = Debug|Any CPU
		{C537F249-FF42-4C1F-9EED-980EF214C79C}.Debug|Any CPU.Build.0 = Debug|Any CPU
		{C537F249-FF42-4C1F-9EED-980EF214C79C}.Release|Any CPU.ActiveCfg = Release|Any CPU
		{C537F249-FF42-4C1F-9EED-980EF214C79C}.Release|Any CPU.Build.0 = Release|Any CPU
		{47EAC963-FEA6-4CF6-90FA-0ACA5CD2176E}.Debug|Any CPU.ActiveCfg = Debug|Any CPU
		{47EAC963-FEA6-4CF6-90FA-0ACA5CD2176E}.Debug|Any CPU.Build.0 = Debug|Any CPU
		{47EAC963-FEA6-4CF6-90FA-0ACA5CD2176E}.Release|Any CPU.ActiveCfg = Release|Any CPU
		{47EAC963-FEA6-4CF6-90FA-0ACA5CD2176E}.Release|Any CPU.Build.0 = Release|Any CPU
		{F1DF042F-B91E-4ABD-BC20-8490C5C3F0F9}.Debug|Any CPU.ActiveCfg = Debug|Any CPU
		{F1DF042F-B91E-4ABD-BC20-8490C5C3F0F9}.Debug|Any CPU.Build.0 = Debug|Any CPU
		{F1DF042F-B91E-4ABD-BC20-8490C5C3F0F9}.Release|Any CPU.ActiveCfg = Release|Any CPU
		{F1DF042F-B91E-4ABD-BC20-8490C5C3F0F9}.Release|Any CPU.Build.0 = Release|Any CPU
		{5B55370F-E02C-4BE8-90CD-3A269AB8AA3A}.Debug|Any CPU.ActiveCfg = Debug|Any CPU
		{5B55370F-E02C-4BE8-90CD-3A269AB8AA3A}.Debug|Any CPU.Build.0 = Debug|Any CPU
		{5B55370F-E02C-4BE8-90CD-3A269AB8AA3A}.Release|Any CPU.ActiveCfg = Release|Any CPU
		{5B55370F-E02C-4BE8-90CD-3A269AB8AA3A}.Release|Any CPU.Build.0 = Release|Any CPU
		{79A76E63-D7D1-4CD8-9902-6D94A42ED337}.Debug|Any CPU.ActiveCfg = Debug|Any CPU
		{79A76E63-D7D1-4CD8-9902-6D94A42ED337}.Debug|Any CPU.Build.0 = Debug|Any CPU
		{79A76E63-D7D1-4CD8-9902-6D94A42ED337}.Release|Any CPU.ActiveCfg = Release|Any CPU
		{79A76E63-D7D1-4CD8-9902-6D94A42ED337}.Release|Any CPU.Build.0 = Release|Any CPU
		{22A306EE-7069-4588-A83B-80B188F2BC7B}.Debug|Any CPU.ActiveCfg = Debug|Any CPU
		{22A306EE-7069-4588-A83B-80B188F2BC7B}.Debug|Any CPU.Build.0 = Debug|Any CPU
		{22A306EE-7069-4588-A83B-80B188F2BC7B}.Release|Any CPU.ActiveCfg = Release|Any CPU
		{22A306EE-7069-4588-A83B-80B188F2BC7B}.Release|Any CPU.Build.0 = Release|Any CPU
		{D96FA365-0AC8-4565-824E-A3935987B92D}.Debug|Any CPU.ActiveCfg = Debug|Any CPU
		{D96FA365-0AC8-4565-824E-A3935987B92D}.Debug|Any CPU.Build.0 = Debug|Any CPU
		{D96FA365-0AC8-4565-824E-A3935987B92D}.Release|Any CPU.ActiveCfg = Release|Any CPU
		{D96FA365-0AC8-4565-824E-A3935987B92D}.Release|Any CPU.Build.0 = Release|Any CPU
		{D65767CD-9393-4BBE-A4EE-A364D01EF5D0}.Debug|Any CPU.ActiveCfg = Debug|Any CPU
		{D65767CD-9393-4BBE-A4EE-A364D01EF5D0}.Debug|Any CPU.Build.0 = Debug|Any CPU
		{D65767CD-9393-4BBE-A4EE-A364D01EF5D0}.Release|Any CPU.ActiveCfg = Release|Any CPU
		{D65767CD-9393-4BBE-A4EE-A364D01EF5D0}.Release|Any CPU.Build.0 = Release|Any CPU
		{6FF84259-23D4-42A8-85AC-40A0AEF0EE9A}.Debug|Any CPU.ActiveCfg = Debug|Any CPU
		{6FF84259-23D4-42A8-85AC-40A0AEF0EE9A}.Debug|Any CPU.Build.0 = Debug|Any CPU
		{6FF84259-23D4-42A8-85AC-40A0AEF0EE9A}.Release|Any CPU.ActiveCfg = Release|Any CPU
		{6FF84259-23D4-42A8-85AC-40A0AEF0EE9A}.Release|Any CPU.Build.0 = Release|Any CPU
		{178928FD-BE8E-4488-B77C-663CD81FB268}.Debug|Any CPU.ActiveCfg = Debug|Any CPU
		{178928FD-BE8E-4488-B77C-663CD81FB268}.Debug|Any CPU.Build.0 = Debug|Any CPU
		{178928FD-BE8E-4488-B77C-663CD81FB268}.Release|Any CPU.ActiveCfg = Release|Any CPU
		{178928FD-BE8E-4488-B77C-663CD81FB268}.Release|Any CPU.Build.0 = Release|Any CPU
		{70DB93AA-71A7-4897-B54D-BEAF019CFEDF}.Debug|Any CPU.ActiveCfg = Debug|Any CPU
		{70DB93AA-71A7-4897-B54D-BEAF019CFEDF}.Debug|Any CPU.Build.0 = Debug|Any CPU
		{70DB93AA-71A7-4897-B54D-BEAF019CFEDF}.Release|Any CPU.ActiveCfg = Release|Any CPU
		{70DB93AA-71A7-4897-B54D-BEAF019CFEDF}.Release|Any CPU.Build.0 = Release|Any CPU
		{5DF8D155-01F1-4F82-B409-1CAF25BBD685}.Debug|Any CPU.ActiveCfg = Debug|Any CPU
		{5DF8D155-01F1-4F82-B409-1CAF25BBD685}.Debug|Any CPU.Build.0 = Debug|Any CPU
		{5DF8D155-01F1-4F82-B409-1CAF25BBD685}.Release|Any CPU.ActiveCfg = Release|Any CPU
		{5DF8D155-01F1-4F82-B409-1CAF25BBD685}.Release|Any CPU.Build.0 = Release|Any CPU
		{67EE4F0A-D7C3-4220-8FA3-C8EACDE9F256}.Debug|Any CPU.ActiveCfg = Debug|Any CPU
		{67EE4F0A-D7C3-4220-8FA3-C8EACDE9F256}.Debug|Any CPU.Build.0 = Debug|Any CPU
		{67EE4F0A-D7C3-4220-8FA3-C8EACDE9F256}.Release|Any CPU.ActiveCfg = Release|Any CPU
		{67EE4F0A-D7C3-4220-8FA3-C8EACDE9F256}.Release|Any CPU.Build.0 = Release|Any CPU
		{FBEC3699-FBAD-4567-870D-774DF916D65C}.Debug|Any CPU.ActiveCfg = Debug|Any CPU
		{FBEC3699-FBAD-4567-870D-774DF916D65C}.Debug|Any CPU.Build.0 = Debug|Any CPU
		{FBEC3699-FBAD-4567-870D-774DF916D65C}.Release|Any CPU.ActiveCfg = Release|Any CPU
		{FBEC3699-FBAD-4567-870D-774DF916D65C}.Release|Any CPU.Build.0 = Release|Any CPU
		{7FEC9600-7994-45CD-901C-C02EACC16C25}.Debug|Any CPU.ActiveCfg = Debug|Any CPU
		{7FEC9600-7994-45CD-901C-C02EACC16C25}.Debug|Any CPU.Build.0 = Debug|Any CPU
		{7FEC9600-7994-45CD-901C-C02EACC16C25}.Release|Any CPU.ActiveCfg = Release|Any CPU
		{7FEC9600-7994-45CD-901C-C02EACC16C25}.Release|Any CPU.Build.0 = Release|Any CPU
		{D24B8FB6-04B4-4400-808B-8E5681696840}.Debug|Any CPU.ActiveCfg = Debug|Any CPU
		{D24B8FB6-04B4-4400-808B-8E5681696840}.Debug|Any CPU.Build.0 = Debug|Any CPU
		{D24B8FB6-04B4-4400-808B-8E5681696840}.Release|Any CPU.ActiveCfg = Release|Any CPU
		{D24B8FB6-04B4-4400-808B-8E5681696840}.Release|Any CPU.Build.0 = Release|Any CPU
		{4A6C1159-5325-4B77-836D-E7B44F5E2E1F}.Debug|Any CPU.ActiveCfg = Debug|Any CPU
		{4A6C1159-5325-4B77-836D-E7B44F5E2E1F}.Debug|Any CPU.Build.0 = Debug|Any CPU
		{4A6C1159-5325-4B77-836D-E7B44F5E2E1F}.Release|Any CPU.ActiveCfg = Release|Any CPU
		{4A6C1159-5325-4B77-836D-E7B44F5E2E1F}.Release|Any CPU.Build.0 = Release|Any CPU
		{9031DD4A-0C24-4038-B3A5-6E6DCA701DE9}.Debug|Any CPU.ActiveCfg = Debug|Any CPU
		{9031DD4A-0C24-4038-B3A5-6E6DCA701DE9}.Debug|Any CPU.Build.0 = Debug|Any CPU
		{9031DD4A-0C24-4038-B3A5-6E6DCA701DE9}.Release|Any CPU.ActiveCfg = Release|Any CPU
		{9031DD4A-0C24-4038-B3A5-6E6DCA701DE9}.Release|Any CPU.Build.0 = Release|Any CPU
		{D3C9F0FD-A4F3-4894-B791-417838168ED2}.Debug|Any CPU.ActiveCfg = Debug|Any CPU
		{D3C9F0FD-A4F3-4894-B791-417838168ED2}.Debug|Any CPU.Build.0 = Debug|Any CPU
		{D3C9F0FD-A4F3-4894-B791-417838168ED2}.Release|Any CPU.ActiveCfg = Release|Any CPU
		{D3C9F0FD-A4F3-4894-B791-417838168ED2}.Release|Any CPU.Build.0 = Release|Any CPU
		{600232F9-881A-46BC-B5EC-0EF47820C346}.Debug|Any CPU.ActiveCfg = Debug|Any CPU
		{600232F9-881A-46BC-B5EC-0EF47820C346}.Debug|Any CPU.Build.0 = Debug|Any CPU
		{600232F9-881A-46BC-B5EC-0EF47820C346}.Release|Any CPU.ActiveCfg = Release|Any CPU
		{600232F9-881A-46BC-B5EC-0EF47820C346}.Release|Any CPU.Build.0 = Release|Any CPU
		{EE623D42-BC0D-4A1D-948F-988185AC2193}.Debug|Any CPU.ActiveCfg = Debug|Any CPU
		{EE623D42-BC0D-4A1D-948F-988185AC2193}.Debug|Any CPU.Build.0 = Debug|Any CPU
		{EE623D42-BC0D-4A1D-948F-988185AC2193}.Release|Any CPU.ActiveCfg = Release|Any CPU
		{EE623D42-BC0D-4A1D-948F-988185AC2193}.Release|Any CPU.Build.0 = Release|Any CPU
		{F8F602CD-7C10-4EF9-B30F-2F2837D35595}.Debug|Any CPU.ActiveCfg = Debug|Any CPU
		{F8F602CD-7C10-4EF9-B30F-2F2837D35595}.Debug|Any CPU.Build.0 = Debug|Any CPU
		{F8F602CD-7C10-4EF9-B30F-2F2837D35595}.Release|Any CPU.ActiveCfg = Release|Any CPU
		{F8F602CD-7C10-4EF9-B30F-2F2837D35595}.Release|Any CPU.Build.0 = Release|Any CPU
		{ECAD7F0E-AB36-41D1-909D-BB189553C67A}.Debug|Any CPU.ActiveCfg = Debug|Any CPU
		{ECAD7F0E-AB36-41D1-909D-BB189553C67A}.Debug|Any CPU.Build.0 = Debug|Any CPU
		{ECAD7F0E-AB36-41D1-909D-BB189553C67A}.Release|Any CPU.ActiveCfg = Release|Any CPU
		{ECAD7F0E-AB36-41D1-909D-BB189553C67A}.Release|Any CPU.Build.0 = Release|Any CPU
	EndGlobalSection
	GlobalSection(SolutionProperties) = preSolution
		HideSolutionNode = FALSE
	EndGlobalSection
	GlobalSection(NestedProjects) = preSolution
		{4D6E811D-E15C-40C0-BCE1-413B247354D1} = {B08C4CBF-CF3B-46E7-9B5A-09ED8A5E21E6}
		{21160B93-42FC-4927-BD26-BD07BC10A78C} = {29F00EAC-52A9-46E7-8E0F-E64119CF2C35}
		{9F22AFA0-60F8-40F7-8034-4675FF3B536A} = {29F00EAC-52A9-46E7-8E0F-E64119CF2C35}
		{E8A5A1F8-7BB2-4ED7-8AB0-BC774ECFDD85} = {621C7635-BA9E-4168-A628-4DFCAEDC25BA}
		{B9958200-A883-4893-ADDB-4CC3647E5781} = {621C7635-BA9E-4168-A628-4DFCAEDC25BA}
		{772ABF55-7F2A-4436-B4B5-F54D3644D64D} = {FB21F5B7-6514-4A6F-93F4-1501A9816378}
		{ED1CB4A3-3A17-488C-AA89-67A70C044C9C} = {FB21F5B7-6514-4A6F-93F4-1501A9816378}
		{B65F4E20-0C0E-4EA7-B25F-D7D2F05A6C64} = {FE78508F-5A96-4468-AD8D-94E4B6EFEC4B}
		{799BC3C9-410C-4653-B7D6-0348526F723B} = {FE78508F-5A96-4468-AD8D-94E4B6EFEC4B}
		{601015E8-F3AF-49FB-AD5C-1EE1B927B054} = {21160B93-42FC-4927-BD26-BD07BC10A78C}
		{CE241972-E484-4125-9798-1F0BA834CD28} = {21160B93-42FC-4927-BD26-BD07BC10A78C}
		{F0248E50-9C2A-4A1D-866F-AC8CD7C2B1AB} = {9F22AFA0-60F8-40F7-8034-4675FF3B536A}
		{B8E7B528-A8EA-433A-A06B-8F5EAF1F77D6} = {E8A5A1F8-7BB2-4ED7-8AB0-BC774ECFDD85}
		{7DCEF776-AC6F-43EF-AE67-06792DBE348C} = {E8A5A1F8-7BB2-4ED7-8AB0-BC774ECFDD85}
		{C0755644-6BF9-4094-A6CE-6B9F527F422C} = {B9958200-A883-4893-ADDB-4CC3647E5781}
		{3188268C-9A25-4793-80B2-1916CEBA21C8} = {B9958200-A883-4893-ADDB-4CC3647E5781}
		{B6120D13-B5E3-437B-B1DA-47EDD90CB53A} = {772ABF55-7F2A-4436-B4B5-F54D3644D64D}
		{945BF312-2A15-4CFA-9475-56824DDA17A4} = {772ABF55-7F2A-4436-B4B5-F54D3644D64D}
		{7A4B534B-D250-4343-B69A-3029CDC4A5A3} = {ED1CB4A3-3A17-488C-AA89-67A70C044C9C}
		{F569F8E8-A389-453C-AE68-B07E1BC9F1B4} = {ED1CB4A3-3A17-488C-AA89-67A70C044C9C}
		{C70BD3A1-B7B1-4CEC-A549-F8A7DF5EDF0C} = {799BC3C9-410C-4653-B7D6-0348526F723B}
		{1342DF45-B447-42E8-91EC-ED66FC68A6D8} = {B65F4E20-0C0E-4EA7-B25F-D7D2F05A6C64}
		{1050CA1E-D43C-4D28-B946-06E19D225C9E} = {B65F4E20-0C0E-4EA7-B25F-D7D2F05A6C64}
		{6DA158E6-38AC-4BA9-9563-1667E63971A5} = {799BC3C9-410C-4653-B7D6-0348526F723B}
		{06D69B4A-2DCF-4DA7-998C-C052A2C670FA} = {6F0B8181-10DF-4D58-ABF7-80AD1C108A97}
		{76E67388-65BC-4710-BA83-AA1C15560F28} = {06D69B4A-2DCF-4DA7-998C-C052A2C670FA}
		{C205A7F8-55D8-4137-85EC-D5BD060CB913} = {06D69B4A-2DCF-4DA7-998C-C052A2C670FA}
		{88F9ACC5-B7CE-40FC-A044-DF9431C03CE6} = {6F0B8181-10DF-4D58-ABF7-80AD1C108A97}
		{5A8E8E80-9E5D-4A4F-A918-04F91989EDFB} = {88F9ACC5-B7CE-40FC-A044-DF9431C03CE6}
		{C5031817-A6FC-4E9C-88EC-D70CC8D772CC} = {88F9ACC5-B7CE-40FC-A044-DF9431C03CE6}
		{F0D1FCB1-93F0-44D5-874C-5675F11072F4} = {5E50E0B5-E74E-4001-B862-067EC5115204}
		{DE7C1D10-E351-4C61-AB58-737F327A7281} = {F0D1FCB1-93F0-44D5-874C-5675F11072F4}
		{6A859D80-EDCC-4C1A-9788-6B2127D4F602} = {F0D1FCB1-93F0-44D5-874C-5675F11072F4}
		{E38E1888-AC3A-463A-AD08-D8692B99A812} = {5E50E0B5-E74E-4001-B862-067EC5115204}
		{3BAB1B64-CF0E-40A9-95E4-89C743F1CF17} = {E38E1888-AC3A-463A-AD08-D8692B99A812}
		{2EC179B1-AA2B-4465-9A39-9F043A71F63A} = {9BC6CC2A-81E7-4478-A6D3-37450D19D463}
		{40381575-262E-4FC8-919E-7738A0474DDA} = {9BC6CC2A-81E7-4478-A6D3-37450D19D463}
		{4B46C387-9C3D-4403-AE1E-0A5777A3E4CF} = {2EC179B1-AA2B-4465-9A39-9F043A71F63A}
		{BB1E4B72-0EBC-4366-9342-4113C906BFE3} = {40381575-262E-4FC8-919E-7738A0474DDA}
		{FA7FF0AB-DF59-4A40-BDE7-5C7107CDA7B4} = {2EC179B1-AA2B-4465-9A39-9F043A71F63A}
		{5EE2C868-76E5-41CB-8FB5-F51E24636767} = {5D54F2A1-23FE-4A4A-9456-90F229A3B40C}
		{59B0785D-C98A-4E4C-B978-7A9100BC1266} = {5D54F2A1-23FE-4A4A-9456-90F229A3B40C}
		{4432E184-09BE-433B-B546-803B45EC1B20} = {59B0785D-C98A-4E4C-B978-7A9100BC1266}
		{E1179093-B203-4095-8465-E08FCE4429C1} = {59B0785D-C98A-4E4C-B978-7A9100BC1266}
		{D37CA1A1-358E-476A-9D41-85B7719E78FB} = {5EE2C868-76E5-41CB-8FB5-F51E24636767}
		{CF6125F8-B697-4B6D-9B29-7F448B675953} = {5EE2C868-76E5-41CB-8FB5-F51E24636767}
		{4266D59F-9776-4652-BAA0-76D420A1E48A} = {0CFD52ED-B35A-4959-B1E6-87502FE9BF6A}
		{FAFC79FD-E0FD-444B-A275-9F1E334B222E} = {0CFD52ED-B35A-4959-B1E6-87502FE9BF6A}
		{8B5F6ECE-00F3-413A-AB95-785858909139} = {FAFC79FD-E0FD-444B-A275-9F1E334B222E}
		{456D5B5E-9A76-49A9-9DAF-19B20EDCE9FF} = {FAFC79FD-E0FD-444B-A275-9F1E334B222E}
		{CBA80D12-AAB1-4B0E-A5EA-D053A2AB5E8C} = {4266D59F-9776-4652-BAA0-76D420A1E48A}
		{A497FAD5-9B97-4104-BF54-612B18A5F761} = {4266D59F-9776-4652-BAA0-76D420A1E48A}
		{033582F0-A557-4E2F-A806-F4F8FF28F323} = {4266D59F-9776-4652-BAA0-76D420A1E48A}
		{9BA80BC0-EA15-4A7D-85E1-576955EA6B51} = {4266D59F-9776-4652-BAA0-76D420A1E48A}
		{1102025F-3C58-4007-894F-395FAE59B36A} = {D57A5CDB-9832-4187-802C-9593818BBFCB}
		{4D3D1E3D-6BE8-45E2-83FF-E36678391B9B} = {D57A5CDB-9832-4187-802C-9593818BBFCB}
		{B8D2F763-4C6E-4AA2-B1AE-2ACDE0E48BCA} = {4D3D1E3D-6BE8-45E2-83FF-E36678391B9B}
		{96B100B6-AB55-490C-9B6E-9998E312B82C} = {4D3D1E3D-6BE8-45E2-83FF-E36678391B9B}
		{A96CDDE4-AB6C-4CA2-B2F9-14979EA828C7} = {1102025F-3C58-4007-894F-395FAE59B36A}
		{B7492DD9-BADE-4D72-9E8C-64BD239DC2C6} = {1102025F-3C58-4007-894F-395FAE59B36A}
		{470278A7-870B-4DFF-927C-8C99AD50DCE2} = {21DDC496-F72B-4D12-A248-4177B6E7695B}
		{3EED480B-1B62-47AB-BA24-4DF71F0B5FA4} = {470278A7-870B-4DFF-927C-8C99AD50DCE2}
		{1F692D4F-62F8-435D-8DA2-AFDC0738504A} = {470278A7-870B-4DFF-927C-8C99AD50DCE2}
		{C537F249-FF42-4C1F-9EED-980EF214C79C} = {470278A7-870B-4DFF-927C-8C99AD50DCE2}
		{47EAC963-FEA6-4CF6-90FA-0ACA5CD2176E} = {470278A7-870B-4DFF-927C-8C99AD50DCE2}
		{F1DF042F-B91E-4ABD-BC20-8490C5C3F0F9} = {470278A7-870B-4DFF-927C-8C99AD50DCE2}
		{5B55370F-E02C-4BE8-90CD-3A269AB8AA3A} = {470278A7-870B-4DFF-927C-8C99AD50DCE2}
		{3E943174-B3DE-475D-9C4B-3350E11624FC} = {21DDC496-F72B-4D12-A248-4177B6E7695B}
		{79A76E63-D7D1-4CD8-9902-6D94A42ED337} = {3E943174-B3DE-475D-9C4B-3350E11624FC}
		{22A306EE-7069-4588-A83B-80B188F2BC7B} = {3E943174-B3DE-475D-9C4B-3350E11624FC}
		{D96FA365-0AC8-4565-824E-A3935987B92D} = {1102025F-3C58-4007-894F-395FAE59B36A}
		{D80517B8-F69A-4665-AA45-161DB2227178} = {A9FE4908-AD0F-4584-BC37-CEA8FACA8EA2}
		{D65767CD-9393-4BBE-A4EE-A364D01EF5D0} = {D80517B8-F69A-4665-AA45-161DB2227178}
		{6FF84259-23D4-42A8-85AC-40A0AEF0EE9A} = {D80517B8-F69A-4665-AA45-161DB2227178}
		{178928FD-BE8E-4488-B77C-663CD81FB268} = {D80517B8-F69A-4665-AA45-161DB2227178}
		{70DB93AA-71A7-4897-B54D-BEAF019CFEDF} = {D80517B8-F69A-4665-AA45-161DB2227178}
		{8710C00E-5567-4134-BFA2-B1E8634ADCA2} = {A9FE4908-AD0F-4584-BC37-CEA8FACA8EA2}
		{5DF8D155-01F1-4F82-B409-1CAF25BBD685} = {8710C00E-5567-4134-BFA2-B1E8634ADCA2}
		{67EE4F0A-D7C3-4220-8FA3-C8EACDE9F256} = {8710C00E-5567-4134-BFA2-B1E8634ADCA2}
		{FBEC3699-FBAD-4567-870D-774DF916D65C} = {D80517B8-F69A-4665-AA45-161DB2227178}
		{7FEC9600-7994-45CD-901C-C02EACC16C25} = {D80517B8-F69A-4665-AA45-161DB2227178}
		{1B28CB32-CBB9-4FBB-945E-1062FFC736B0} = {2ABC24F6-4E0C-4C95-AFB4-90DC55024F28}
		{D24B8FB6-04B4-4400-808B-8E5681696840} = {1B28CB32-CBB9-4FBB-945E-1062FFC736B0}
		{4A6C1159-5325-4B77-836D-E7B44F5E2E1F} = {1B28CB32-CBB9-4FBB-945E-1062FFC736B0}
		{9A056474-5B86-4AE4-9ED6-2087122D46A0} = {2ABC24F6-4E0C-4C95-AFB4-90DC55024F28}
		{9031DD4A-0C24-4038-B3A5-6E6DCA701DE9} = {9A056474-5B86-4AE4-9ED6-2087122D46A0}
		{D3C9F0FD-A4F3-4894-B791-417838168ED2} = {9A056474-5B86-4AE4-9ED6-2087122D46A0}
		{600232F9-881A-46BC-B5EC-0EF47820C346} = {1B28CB32-CBB9-4FBB-945E-1062FFC736B0}
		{EE623D42-BC0D-4A1D-948F-988185AC2193} = {1B28CB32-CBB9-4FBB-945E-1062FFC736B0}
		{F8F602CD-7C10-4EF9-B30F-2F2837D35595} = {D80517B8-F69A-4665-AA45-161DB2227178}
		{ECAD7F0E-AB36-41D1-909D-BB189553C67A} = {D80517B8-F69A-4665-AA45-161DB2227178}
	EndGlobalSection
	GlobalSection(ExtensibilityGlobals) = postSolution
		SolutionGuid = {794BA35D-7DE2-4D25-9E68-37E5F865CD32}
	EndGlobalSection
EndGlobal
